Microsoft Visual Studio Solution File, Format Version 9.00
# Visual Studio 2005
Project("{8BC9CEB8-8B4A-11D0-8D11-00A0C91BC942}") = "musikCore", "musikCore.vcproj", "{A43DCC0A-9D52-45E3-83BD-67765130F62A}"
	ProjectSection(ProjectDependencies) = postProject
		{8F1ECB96-746F-40C1-86CB-6A4AB16369EF} = {8F1ECB96-746F-40C1-86CB-6A4AB16369EF}
		{07688CCC-54B0-42BA-9562-3852CDA5094A} = {07688CCC-54B0-42BA-9562-3852CDA5094A}
	EndProjectSection
EndProject
Project("{8BC9CEB8-8B4A-11D0-8D11-00A0C91BC942}") = "sqlite3", "3rdparty\sqlite3\sqlite3.vcproj", "{07688CCC-54B0-42BA-9562-3852CDA5094A}"
EndProject
Project("{8BC9CEB8-8B4A-11D0-8D11-00A0C91BC942}") = "OpenThreads", "3rdparty\OpenThreads\win32_src\OpenThreads.vcproj", "{8F1ECB96-746F-40C1-86CB-6A4AB16369EF}"
EndProject
Global
	GlobalSection(SolutionConfigurationPlatforms) = preSolution
		Debug|Win32 = Debug|Win32
		Release|Win32 = Release|Win32
	EndGlobalSection
	GlobalSection(ProjectConfigurationPlatforms) = postSolution
		{A43DCC0A-9D52-45E3-83BD-67765130F62A}.Debug|Win32.ActiveCfg = Debug|Win32
		{A43DCC0A-9D52-45E3-83BD-67765130F62A}.Debug|Win32.Build.0 = Debug|Win32
		{A43DCC0A-9D52-45E3-83BD-67765130F62A}.Release|Win32.ActiveCfg = Release|Win32
		{A43DCC0A-9D52-45E3-83BD-67765130F62A}.Release|Win32.Build.0 = Release|Win32
		{07688CCC-54B0-42BA-9562-3852CDA5094A}.Debug|Win32.ActiveCfg = Debug|Win32
		{07688CCC-54B0-42BA-9562-3852CDA5094A}.Debug|Win32.Build.0 = Debug|Win32
		{07688CCC-54B0-42BA-9562-3852CDA5094A}.Release|Win32.ActiveCfg = Release|Win32
		{07688CCC-54B0-42BA-9562-3852CDA5094A}.Release|Win32.Build.0 = Release|Win32
		{8F1ECB96-746F-40C1-86CB-6A4AB16369EF}.Debug|Win32.ActiveCfg = Debug|Win32
		{8F1ECB96-746F-40C1-86CB-6A4AB16369EF}.Debug|Win32.Build.0 = Debug|Win32
		{8F1ECB96-746F-40C1-86CB-6A4AB16369EF}.Release|Win32.ActiveCfg = Release|Win32
		{8F1ECB96-746F-40C1-86CB-6A4AB16369EF}.Release|Win32.Build.0 = Release|Win32
	EndGlobalSection
	GlobalSection(SolutionProperties) = preSolution
		HideSolutionNode = FALSE
	EndGlobalSection
EndGlobal
