Microsoft Visual Studio Solution File, Format Version 8.00
Project("{8BC9CEB8-8B4A-11D0-8D11-00A0C91BC942}") = "core_mpc", "core_mpc.vcproj", "{5F9287FE-7CD2-4547-B53F-D7EFE1E4EC7F}"
	ProjectSection(ProjectDependencies) = postProject
		{A43DCC0A-9D52-45E3-83BD-67765130F62A} = {A43DCC0A-9D52-45E3-83BD-67765130F62A}
		{ECD80AD2-F98E-4579-B066-9582DC98AAA9} = {ECD80AD2-F98E-4579-B066-9582DC98AAA9}
	EndProjectSection
EndProject
Project("{8BC9CEB8-8B4A-11D0-8D11-00A0C91BC942}") = "musikCore", "..\..\musikCore.vcproj", "{A43DCC0A-9D52-45E3-83BD-67765130F62A}"
	ProjectSection(ProjectDependencies) = postProject
	EndProjectSection
EndProject
Project("{8BC9CEB8-8B4A-11D0-8D11-00A0C91BC942}") = "taglib-1.4", "..\..\3rdparty\taglib-1.4\taglib-vc7\taglib-vc7.vcproj", "{ECD80AD2-F98E-4579-B066-9582DC98AAA9}"
	ProjectSection(ProjectDependencies) = postProject
	EndProjectSection
EndProject
Global
	GlobalSection(SolutionConfiguration) = preSolution
		Debug = Debug
		Release = Release
	EndGlobalSection
	GlobalSection(ProjectConfiguration) = postSolution
		{5F9287FE-7CD2-4547-B53F-D7EFE1E4EC7F}.Debug.ActiveCfg = Debug|Win32
		{5F9287FE-7CD2-4547-B53F-D7EFE1E4EC7F}.Debug.Build.0 = Debug|Win32
		{5F9287FE-7CD2-4547-B53F-D7EFE1E4EC7F}.Release.ActiveCfg = Release|Win32
		{5F9287FE-7CD2-4547-B53F-D7EFE1E4EC7F}.Release.Build.0 = Release|Win32
		{A43DCC0A-9D52-45E3-83BD-67765130F62A}.Debug.ActiveCfg = Debug|Win32
		{A43DCC0A-9D52-45E3-83BD-67765130F62A}.Debug.Build.0 = Debug|Win32
		{A43DCC0A-9D52-45E3-83BD-67765130F62A}.Release.ActiveCfg = Release|Win32
		{A43DCC0A-9D52-45E3-83BD-67765130F62A}.Release.Build.0 = Release|Win32
		{ECD80AD2-F98E-4579-B066-9582DC98AAA9}.Debug.ActiveCfg = Debug|Win32
		{ECD80AD2-F98E-4579-B066-9582DC98AAA9}.Debug.Build.0 = Debug|Win32
		{ECD80AD2-F98E-4579-B066-9582DC98AAA9}.Release.ActiveCfg = Release|Win32
		{ECD80AD2-F98E-4579-B066-9582DC98AAA9}.Release.Build.0 = Release|Win32
	EndGlobalSection
	GlobalSection(ExtensibilityGlobals) = postSolution
	EndGlobalSection
	GlobalSection(ExtensibilityAddIns) = postSolution
	EndGlobalSection
EndGlobal
