Microsoft Visual Studio Solution File, Format Version 8.00
Project("{8BC9CEB8-8B4A-11D0-8D11-00A0C91BC942}") = "musikCube", "musikCube.vcproj", "{99140D9E-2F39-406D-AD74-CA89B8C354CF}"
	ProjectSection(ProjectDependencies) = postProject
		{A43DCC0A-9D52-45E3-83BD-67765130F62A} = {A43DCC0A-9D52-45E3-83BD-67765130F62A}
		{C372ABA2-E90B-459B-B5B2-A9A181DFE807} = {C372ABA2-E90B-459B-B5B2-A9A181DFE807}
	EndProjectSection
EndProject
Project("{8BC9CEB8-8B4A-11D0-8D11-00A0C91BC942}") = "MMShellHook", "MMShellHook\MMShellHook.vcproj", "{C372ABA2-E90B-459B-B5B2-A9A181DFE807}"
	ProjectSection(ProjectDependencies) = postProject
	EndProjectSection
EndProject
Project("{8BC9CEB8-8B4A-11D0-8D11-00A0C91BC942}") = "musikCore", "..\musikCore\musikCore.vcproj", "{A43DCC0A-9D52-45E3-83BD-67765130F62A}"
	ProjectSection(ProjectDependencies) = postProject
		{8F1ECB96-746F-40C1-86CB-6A4AB16369EF} = {8F1ECB96-746F-40C1-86CB-6A4AB16369EF}
		{07688CCC-54B0-42BA-9562-3852CDA5094A} = {07688CCC-54B0-42BA-9562-3852CDA5094A}
	EndProjectSection
EndProject
Project("{8BC9CEB8-8B4A-11D0-8D11-00A0C91BC942}") = "OpenThreads", "..\musikCore\3rdparty\OpenThreads\win32_src\OpenThreads.vcproj", "{8F1ECB96-746F-40C1-86CB-6A4AB16369EF}"
	ProjectSection(ProjectDependencies) = postProject
	EndProjectSection
EndProject
Project("{8BC9CEB8-8B4A-11D0-8D11-00A0C91BC942}") = "sqlite3", "..\musikCore\3rdparty\sqlite3\sqlite3.vcproj", "{07688CCC-54B0-42BA-9562-3852CDA5094A}"
	ProjectSection(ProjectDependencies) = postProject
	EndProjectSection
EndProject
Project("{8BC9CEB8-8B4A-11D0-8D11-00A0C91BC942}") = "core_ape", "..\musikCore\win32\core_APE\core_APE.vcproj", "{5F9287FE-7CD2-4547-B53F-D7EFE1E4EC7F}"
	ProjectSection(ProjectDependencies) = postProject
		{A43DCC0A-9D52-45E3-83BD-67765130F62A} = {A43DCC0A-9D52-45E3-83BD-67765130F62A}
		{ECD80AD2-F98E-4579-B066-9582DC98AAA9} = {ECD80AD2-F98E-4579-B066-9582DC98AAA9}
	EndProjectSection
EndProject
Project("{8BC9CEB8-8B4A-11D0-8D11-00A0C91BC942}") = "cube_miniPlayer", "contrib\cube_miniPlayer\cube_miniPlayer.vcproj", "{F937462A-9245-4414-A831-5284EDC15D1B}"
	ProjectSection(ProjectDependencies) = postProject
		{99140D9E-2F39-406D-AD74-CA89B8C354CF} = {99140D9E-2F39-406D-AD74-CA89B8C354CF}
	EndProjectSection
EndProject
Project("{8BC9CEB8-8B4A-11D0-8D11-00A0C91BC942}") = "taglib-1.4", "..\musikCore\3rdparty\taglib-1.4\taglib-vc7\taglib-vc7.vcproj", "{ECD80AD2-F98E-4579-B066-9582DC98AAA9}"
	ProjectSection(ProjectDependencies) = postProject
	EndProjectSection
EndProject
Project("{8BC9CEB8-8B4A-11D0-8D11-00A0C91BC942}") = "core_ogg", "..\musikCore\win32\core_OGG\core_OGG.vcproj", "{5F9287FE-7CD2-4547-B53F-D7EFE1E4EC7F}"
	ProjectSection(ProjectDependencies) = postProject
		{A43DCC0A-9D52-45E3-83BD-67765130F62A} = {A43DCC0A-9D52-45E3-83BD-67765130F62A}
		{ECD80AD2-F98E-4579-B066-9582DC98AAA9} = {ECD80AD2-F98E-4579-B066-9582DC98AAA9}
	EndProjectSection
EndProject
Project("{8BC9CEB8-8B4A-11D0-8D11-00A0C91BC942}") = "core_mp3", "..\musikCore\win32\core_MP3\core_MP3.vcproj", "{5F9287FE-7CD2-4547-B53F-D7EFE1E4EC7F}"
	ProjectSection(ProjectDependencies) = postProject
		{A43DCC0A-9D52-45E3-83BD-67765130F62A} = {A43DCC0A-9D52-45E3-83BD-67765130F62A}
		{ECD80AD2-F98E-4579-B066-9582DC98AAA9} = {ECD80AD2-F98E-4579-B066-9582DC98AAA9}
	EndProjectSection
EndProject
Project("{8BC9CEB8-8B4A-11D0-8D11-00A0C91BC942}") = "core_net", "..\musikCore\win32\core_net\core_net.vcproj", "{5F9287FE-7CD2-4547-B53F-D7EFE1E4EC7F}"
	ProjectSection(ProjectDependencies) = postProject
		{A43DCC0A-9D52-45E3-83BD-67765130F62A} = {A43DCC0A-9D52-45E3-83BD-67765130F62A}
	EndProjectSection
EndProject
Project("{8BC9CEB8-8B4A-11D0-8D11-00A0C91BC942}") = "core_flac", "..\musikCore\win32\core_flac\core_flac.vcproj", "{5F9287FE-7CD2-4547-B53F-D7EFE1E4EC7F}"
	ProjectSection(ProjectDependencies) = postProject
		{A43DCC0A-9D52-45E3-83BD-67765130F62A} = {A43DCC0A-9D52-45E3-83BD-67765130F62A}
		{ECD80AD2-F98E-4579-B066-9582DC98AAA9} = {ECD80AD2-F98E-4579-B066-9582DC98AAA9}
	EndProjectSection
EndProject
Project("{8BC9CEB8-8B4A-11D0-8D11-00A0C91BC942}") = "core_cdda", "..\musikCore\win32\core_cdda\core_cdda.vcproj", "{5F9287FE-7CD2-4547-B53F-D7EFE1E4EC7F}"
	ProjectSection(ProjectDependencies) = postProject
		{A43DCC0A-9D52-45E3-83BD-67765130F62A} = {A43DCC0A-9D52-45E3-83BD-67765130F62A}
	EndProjectSection
EndProject
Project("{8BC9CEB8-8B4A-11D0-8D11-00A0C91BC942}") = "core_m4a", "..\musikCore\win32\core_m4a\musikPlugin.vcproj", "{5F9287FE-7CD2-4547-B53F-D7EFE1E4EC7F}"
	ProjectSection(ProjectDependencies) = postProject
		{A43DCC0A-9D52-45E3-83BD-67765130F62A} = {A43DCC0A-9D52-45E3-83BD-67765130F62A}
		{1569C83A-B5E6-4AA5-BBE1-8A1204818872} = {1569C83A-B5E6-4AA5-BBE1-8A1204818872}
	EndProjectSection
EndProject
Project("{8BC9CEB8-8B4A-11D0-8D11-00A0C91BC942}") = "libmp4v2", "..\musikCore\win32\core_m4a\mpeg4ip\lib\mp4v2\libmp4v260.vcproj", "{1569C83A-B5E6-4AA5-BBE1-8A1204818872}"
	ProjectSection(ProjectDependencies) = postProject
	EndProjectSection
EndProject
Project("{8BC9CEB8-8B4A-11D0-8D11-00A0C91BC942}") = "core_wma", "..\musikCore\win32\core_wma\core_wma.vcproj", "{5F9287FE-7CD2-4547-B53F-D7EFE1E4EC7F}"
	ProjectSection(ProjectDependencies) = postProject
		{A43DCC0A-9D52-45E3-83BD-67765130F62A} = {A43DCC0A-9D52-45E3-83BD-67765130F62A}
	EndProjectSection
EndProject
Project("{8BC9CEB8-8B4A-11D0-8D11-00A0C91BC942}") = "cube_mcAmp", "contrib\cube_mcAmp\cube_mcAmp.vcproj", "{5F9287FE-7CD2-4547-B53F-D7EFE1E4EC7F}"
	ProjectSection(ProjectDependencies) = postProject
		{99140D9E-2F39-406D-AD74-CA89B8C354CF} = {99140D9E-2F39-406D-AD74-CA89B8C354CF}
	EndProjectSection
EndProject
Project("{8BC9CEB8-8B4A-11D0-8D11-00A0C91BC942}") = "core_mpc", "..\musikCore\win32\core_mpc\core_mpc.vcproj", "{5F9287FE-7CD2-4547-B53F-D7EFE1E4EC7F}"
	ProjectSection(ProjectDependencies) = postProject
		{A43DCC0A-9D52-45E3-83BD-67765130F62A} = {A43DCC0A-9D52-45E3-83BD-67765130F62A}
		{ECD80AD2-F98E-4579-B066-9582DC98AAA9} = {ECD80AD2-F98E-4579-B066-9582DC98AAA9}
	EndProjectSection
EndProject
Project("{8BC9CEB8-8B4A-11D0-8D11-00A0C91BC942}") = "core_wav", "..\musikCore\win32\core_wav\core_wav.vcproj", "{5F9287FE-7CD2-4547-B53F-D7EFE1E4EC7F}"
	ProjectSection(ProjectDependencies) = postProject
	EndProjectSection
EndProject
Global
	GlobalSection(SolutionConfiguration) = preSolution
		Debug = Debug
		NASM Debug = NASM Debug
		NASM Release = NASM Release
		Release = Release
		Release-Debug = Release-Debug
	EndGlobalSection
	GlobalSection(ProjectConfiguration) = postSolution
		{99140D9E-2F39-406D-AD74-CA89B8C354CF}.Debug.ActiveCfg = Debug|Win32
		{99140D9E-2F39-406D-AD74-CA89B8C354CF}.Debug.Build.0 = Debug|Win32
		{99140D9E-2F39-406D-AD74-CA89B8C354CF}.NASM Debug.ActiveCfg = Debug|Win32
		{99140D9E-2F39-406D-AD74-CA89B8C354CF}.NASM Debug.Build.0 = Debug|Win32
		{99140D9E-2F39-406D-AD74-CA89B8C354CF}.NASM Release.ActiveCfg = Release|Win32
		{99140D9E-2F39-406D-AD74-CA89B8C354CF}.NASM Release.Build.0 = Release|Win32
		{99140D9E-2F39-406D-AD74-CA89B8C354CF}.Release.ActiveCfg = Release|Win32
		{99140D9E-2F39-406D-AD74-CA89B8C354CF}.Release.Build.0 = Release|Win32
		{99140D9E-2F39-406D-AD74-CA89B8C354CF}.Release-Debug.ActiveCfg = Release|Win32
		{99140D9E-2F39-406D-AD74-CA89B8C354CF}.Release-Debug.Build.0 = Release|Win32
		{C372ABA2-E90B-459B-B5B2-A9A181DFE807}.Debug.ActiveCfg = Debug|Win32
		{C372ABA2-E90B-459B-B5B2-A9A181DFE807}.Debug.Build.0 = Debug|Win32
		{C372ABA2-E90B-459B-B5B2-A9A181DFE807}.NASM Debug.ActiveCfg = Debug|Win32
		{C372ABA2-E90B-459B-B5B2-A9A181DFE807}.NASM Debug.Build.0 = Debug|Win32
		{C372ABA2-E90B-459B-B5B2-A9A181DFE807}.NASM Release.ActiveCfg = Release|Win32
		{C372ABA2-E90B-459B-B5B2-A9A181DFE807}.NASM Release.Build.0 = Release|Win32
		{C372ABA2-E90B-459B-B5B2-A9A181DFE807}.Release.ActiveCfg = Release|Win32
		{C372ABA2-E90B-459B-B5B2-A9A181DFE807}.Release.Build.0 = Release|Win32
		{C372ABA2-E90B-459B-B5B2-A9A181DFE807}.Release-Debug.ActiveCfg = Release|Win32
		{C372ABA2-E90B-459B-B5B2-A9A181DFE807}.Release-Debug.Build.0 = Release|Win32
		{A43DCC0A-9D52-45E3-83BD-67765130F62A}.Debug.ActiveCfg = Debug|Win32
		{A43DCC0A-9D52-45E3-83BD-67765130F62A}.Debug.Build.0 = Debug|Win32
		{A43DCC0A-9D52-45E3-83BD-67765130F62A}.NASM Debug.ActiveCfg = Debug|Win32
		{A43DCC0A-9D52-45E3-83BD-67765130F62A}.NASM Debug.Build.0 = Debug|Win32
		{A43DCC0A-9D52-45E3-83BD-67765130F62A}.NASM Release.ActiveCfg = Release|Win32
		{A43DCC0A-9D52-45E3-83BD-67765130F62A}.NASM Release.Build.0 = Release|Win32
		{A43DCC0A-9D52-45E3-83BD-67765130F62A}.Release.ActiveCfg = Release|Win32
		{A43DCC0A-9D52-45E3-83BD-67765130F62A}.Release.Build.0 = Release|Win32
		{A43DCC0A-9D52-45E3-83BD-67765130F62A}.Release-Debug.ActiveCfg = Release|Win32
		{A43DCC0A-9D52-45E3-83BD-67765130F62A}.Release-Debug.Build.0 = Release|Win32
		{8F1ECB96-746F-40C1-86CB-6A4AB16369EF}.Debug.ActiveCfg = Debug|Win32
		{8F1ECB96-746F-40C1-86CB-6A4AB16369EF}.Debug.Build.0 = Debug|Win32
		{8F1ECB96-746F-40C1-86CB-6A4AB16369EF}.NASM Debug.ActiveCfg = Debug|Win32
		{8F1ECB96-746F-40C1-86CB-6A4AB16369EF}.NASM Debug.Build.0 = Debug|Win32
		{8F1ECB96-746F-40C1-86CB-6A4AB16369EF}.NASM Release.ActiveCfg = Release|Win32
		{8F1ECB96-746F-40C1-86CB-6A4AB16369EF}.NASM Release.Build.0 = Release|Win32
		{8F1ECB96-746F-40C1-86CB-6A4AB16369EF}.Release.ActiveCfg = Release|Win32
		{8F1ECB96-746F-40C1-86CB-6A4AB16369EF}.Release.Build.0 = Release|Win32
		{8F1ECB96-746F-40C1-86CB-6A4AB16369EF}.Release-Debug.ActiveCfg = Release|Win32
		{8F1ECB96-746F-40C1-86CB-6A4AB16369EF}.Release-Debug.Build.0 = Release|Win32
		{07688CCC-54B0-42BA-9562-3852CDA5094A}.Debug.ActiveCfg = Debug|Win32
		{07688CCC-54B0-42BA-9562-3852CDA5094A}.Debug.Build.0 = Debug|Win32
		{07688CCC-54B0-42BA-9562-3852CDA5094A}.NASM Debug.ActiveCfg = Debug|Win32
		{07688CCC-54B0-42BA-9562-3852CDA5094A}.NASM Debug.Build.0 = Debug|Win32
		{07688CCC-54B0-42BA-9562-3852CDA5094A}.NASM Release.ActiveCfg = Release|Win32
		{07688CCC-54B0-42BA-9562-3852CDA5094A}.NASM Release.Build.0 = Release|Win32
		{07688CCC-54B0-42BA-9562-3852CDA5094A}.Release.ActiveCfg = Release|Win32
		{07688CCC-54B0-42BA-9562-3852CDA5094A}.Release.Build.0 = Release|Win32
		{07688CCC-54B0-42BA-9562-3852CDA5094A}.Release-Debug.ActiveCfg = Release|Win32
		{07688CCC-54B0-42BA-9562-3852CDA5094A}.Release-Debug.Build.0 = Release|Win32
		{5F9287FE-7CD2-4547-B53F-D7EFE1E4EC7F}.Debug.ActiveCfg = Debug|Win32
		{5F9287FE-7CD2-4547-B53F-D7EFE1E4EC7F}.Debug.Build.0 = Debug|Win32
		{5F9287FE-7CD2-4547-B53F-D7EFE1E4EC7F}.NASM Debug.ActiveCfg = Debug|Win32
		{5F9287FE-7CD2-4547-B53F-D7EFE1E4EC7F}.NASM Debug.Build.0 = Debug|Win32
		{5F9287FE-7CD2-4547-B53F-D7EFE1E4EC7F}.NASM Release.ActiveCfg = Release|Win32
		{5F9287FE-7CD2-4547-B53F-D7EFE1E4EC7F}.NASM Release.Build.0 = Release|Win32
		{5F9287FE-7CD2-4547-B53F-D7EFE1E4EC7F}.Release.ActiveCfg = Release|Win32
		{5F9287FE-7CD2-4547-B53F-D7EFE1E4EC7F}.Release.Build.0 = Release|Win32
		{5F9287FE-7CD2-4547-B53F-D7EFE1E4EC7F}.Release-Debug.ActiveCfg = Release|Win32
		{5F9287FE-7CD2-4547-B53F-D7EFE1E4EC7F}.Release-Debug.Build.0 = Release|Win32
		{F937462A-9245-4414-A831-5284EDC15D1B}.Debug.ActiveCfg = Debug|Win32
		{F937462A-9245-4414-A831-5284EDC15D1B}.Debug.Build.0 = Debug|Win32
		{F937462A-9245-4414-A831-5284EDC15D1B}.NASM Debug.ActiveCfg = Debug|Win32
		{F937462A-9245-4414-A831-5284EDC15D1B}.NASM Debug.Build.0 = Debug|Win32
		{F937462A-9245-4414-A831-5284EDC15D1B}.NASM Release.ActiveCfg = Release|Win32
		{F937462A-9245-4414-A831-5284EDC15D1B}.NASM Release.Build.0 = Release|Win32
		{F937462A-9245-4414-A831-5284EDC15D1B}.Release.ActiveCfg = Release|Win32
		{F937462A-9245-4414-A831-5284EDC15D1B}.Release.Build.0 = Release|Win32
		{F937462A-9245-4414-A831-5284EDC15D1B}.Release-Debug.ActiveCfg = Release|Win32
		{F937462A-9245-4414-A831-5284EDC15D1B}.Release-Debug.Build.0 = Release|Win32
		{ECD80AD2-F98E-4579-B066-9582DC98AAA9}.Debug.ActiveCfg = Debug|Win32
		{ECD80AD2-F98E-4579-B066-9582DC98AAA9}.Debug.Build.0 = Debug|Win32
		{ECD80AD2-F98E-4579-B066-9582DC98AAA9}.NASM Debug.ActiveCfg = Debug|Win32
		{ECD80AD2-F98E-4579-B066-9582DC98AAA9}.NASM Debug.Build.0 = Debug|Win32
		{ECD80AD2-F98E-4579-B066-9582DC98AAA9}.NASM Release.ActiveCfg = Release|Win32
		{ECD80AD2-F98E-4579-B066-9582DC98AAA9}.NASM Release.Build.0 = Release|Win32
		{ECD80AD2-F98E-4579-B066-9582DC98AAA9}.Release.ActiveCfg = Release|Win32
		{ECD80AD2-F98E-4579-B066-9582DC98AAA9}.Release.Build.0 = Release|Win32
		{ECD80AD2-F98E-4579-B066-9582DC98AAA9}.Release-Debug.ActiveCfg = Release|Win32
		{ECD80AD2-F98E-4579-B066-9582DC98AAA9}.Release-Debug.Build.0 = Release|Win32
		{5F9287FE-7CD2-4547-B53F-D7EFE1E4EC7F}.Debug.ActiveCfg = Debug|Win32
		{5F9287FE-7CD2-4547-B53F-D7EFE1E4EC7F}.Debug.Build.0 = Debug|Win32
		{5F9287FE-7CD2-4547-B53F-D7EFE1E4EC7F}.NASM Debug.ActiveCfg = Debug|Win32
		{5F9287FE-7CD2-4547-B53F-D7EFE1E4EC7F}.NASM Debug.Build.0 = Debug|Win32
		{5F9287FE-7CD2-4547-B53F-D7EFE1E4EC7F}.NASM Release.ActiveCfg = Release|Win32
		{5F9287FE-7CD2-4547-B53F-D7EFE1E4EC7F}.NASM Release.Build.0 = Release|Win32
		{5F9287FE-7CD2-4547-B53F-D7EFE1E4EC7F}.Release.ActiveCfg = Release|Win32
		{5F9287FE-7CD2-4547-B53F-D7EFE1E4EC7F}.Release.Build.0 = Release|Win32
		{5F9287FE-7CD2-4547-B53F-D7EFE1E4EC7F}.Release-Debug.ActiveCfg = Release|Win32
		{5F9287FE-7CD2-4547-B53F-D7EFE1E4EC7F}.Release-Debug.Build.0 = Release|Win32
		{5F9287FE-7CD2-4547-B53F-D7EFE1E4EC7F}.Debug.ActiveCfg = Debug|Win32
		{5F9287FE-7CD2-4547-B53F-D7EFE1E4EC7F}.Debug.Build.0 = Debug|Win32
		{5F9287FE-7CD2-4547-B53F-D7EFE1E4EC7F}.NASM Debug.ActiveCfg = Debug|Win32
		{5F9287FE-7CD2-4547-B53F-D7EFE1E4EC7F}.NASM Debug.Build.0 = Debug|Win32
		{5F9287FE-7CD2-4547-B53F-D7EFE1E4EC7F}.NASM Release.ActiveCfg = Release|Win32
		{5F9287FE-7CD2-4547-B53F-D7EFE1E4EC7F}.NASM Release.Build.0 = Release|Win32
		{5F9287FE-7CD2-4547-B53F-D7EFE1E4EC7F}.Release.ActiveCfg = Release|Win32
		{5F9287FE-7CD2-4547-B53F-D7EFE1E4EC7F}.Release.Build.0 = Release|Win32
		{5F9287FE-7CD2-4547-B53F-D7EFE1E4EC7F}.Release-Debug.ActiveCfg = Release|Win32
		{5F9287FE-7CD2-4547-B53F-D7EFE1E4EC7F}.Release-Debug.Build.0 = Release|Win32
		{5F9287FE-7CD2-4547-B53F-D7EFE1E4EC7F}.Debug.ActiveCfg = Debug|Win32
		{5F9287FE-7CD2-4547-B53F-D7EFE1E4EC7F}.Debug.Build.0 = Debug|Win32
		{5F9287FE-7CD2-4547-B53F-D7EFE1E4EC7F}.NASM Debug.ActiveCfg = Debug|Win32
		{5F9287FE-7CD2-4547-B53F-D7EFE1E4EC7F}.NASM Debug.Build.0 = Debug|Win32
		{5F9287FE-7CD2-4547-B53F-D7EFE1E4EC7F}.NASM Release.ActiveCfg = Release|Win32
		{5F9287FE-7CD2-4547-B53F-D7EFE1E4EC7F}.NASM Release.Build.0 = Release|Win32
		{5F9287FE-7CD2-4547-B53F-D7EFE1E4EC7F}.Release.ActiveCfg = Release|Win32
		{5F9287FE-7CD2-4547-B53F-D7EFE1E4EC7F}.Release.Build.0 = Release|Win32
		{5F9287FE-7CD2-4547-B53F-D7EFE1E4EC7F}.Release-Debug.ActiveCfg = Release|Win32
		{5F9287FE-7CD2-4547-B53F-D7EFE1E4EC7F}.Release-Debug.Build.0 = Release|Win32
		{5F9287FE-7CD2-4547-B53F-D7EFE1E4EC7F}.Debug.ActiveCfg = Debug|Win32
		{5F9287FE-7CD2-4547-B53F-D7EFE1E4EC7F}.Debug.Build.0 = Debug|Win32
		{5F9287FE-7CD2-4547-B53F-D7EFE1E4EC7F}.NASM Debug.ActiveCfg = Debug|Win32
		{5F9287FE-7CD2-4547-B53F-D7EFE1E4EC7F}.NASM Debug.Build.0 = Debug|Win32
		{5F9287FE-7CD2-4547-B53F-D7EFE1E4EC7F}.NASM Release.ActiveCfg = Release|Win32
		{5F9287FE-7CD2-4547-B53F-D7EFE1E4EC7F}.NASM Release.Build.0 = Release|Win32
		{5F9287FE-7CD2-4547-B53F-D7EFE1E4EC7F}.Release.ActiveCfg = Release|Win32
		{5F9287FE-7CD2-4547-B53F-D7EFE1E4EC7F}.Release.Build.0 = Release|Win32
		{5F9287FE-7CD2-4547-B53F-D7EFE1E4EC7F}.Release-Debug.ActiveCfg = Release|Win32
		{5F9287FE-7CD2-4547-B53F-D7EFE1E4EC7F}.Release-Debug.Build.0 = Release|Win32
		{5F9287FE-7CD2-4547-B53F-D7EFE1E4EC7F}.Debug.ActiveCfg = Debug|Win32
		{5F9287FE-7CD2-4547-B53F-D7EFE1E4EC7F}.Debug.Build.0 = Debug|Win32
		{5F9287FE-7CD2-4547-B53F-D7EFE1E4EC7F}.NASM Debug.ActiveCfg = Debug|Win32
		{5F9287FE-7CD2-4547-B53F-D7EFE1E4EC7F}.NASM Debug.Build.0 = Debug|Win32
		{5F9287FE-7CD2-4547-B53F-D7EFE1E4EC7F}.NASM Release.ActiveCfg = Release|Win32
		{5F9287FE-7CD2-4547-B53F-D7EFE1E4EC7F}.NASM Release.Build.0 = Release|Win32
		{5F9287FE-7CD2-4547-B53F-D7EFE1E4EC7F}.Release.ActiveCfg = Release|Win32
		{5F9287FE-7CD2-4547-B53F-D7EFE1E4EC7F}.Release.Build.0 = Release|Win32
		{5F9287FE-7CD2-4547-B53F-D7EFE1E4EC7F}.Release-Debug.ActiveCfg = Release|Win32
		{5F9287FE-7CD2-4547-B53F-D7EFE1E4EC7F}.Release-Debug.Build.0 = Release|Win32
		{5F9287FE-7CD2-4547-B53F-D7EFE1E4EC7F}.Debug.ActiveCfg = Debug|Win32
		{5F9287FE-7CD2-4547-B53F-D7EFE1E4EC7F}.Debug.Build.0 = Debug|Win32
		{5F9287FE-7CD2-4547-B53F-D7EFE1E4EC7F}.NASM Debug.ActiveCfg = Debug|Win32
		{5F9287FE-7CD2-4547-B53F-D7EFE1E4EC7F}.NASM Debug.Build.0 = Debug|Win32
		{5F9287FE-7CD2-4547-B53F-D7EFE1E4EC7F}.NASM Release.ActiveCfg = Release|Win32
		{5F9287FE-7CD2-4547-B53F-D7EFE1E4EC7F}.NASM Release.Build.0 = Release|Win32
		{5F9287FE-7CD2-4547-B53F-D7EFE1E4EC7F}.Release.ActiveCfg = Release|Win32
		{5F9287FE-7CD2-4547-B53F-D7EFE1E4EC7F}.Release.Build.0 = Release|Win32
		{5F9287FE-7CD2-4547-B53F-D7EFE1E4EC7F}.Release-Debug.ActiveCfg = Release|Win32
		{5F9287FE-7CD2-4547-B53F-D7EFE1E4EC7F}.Release-Debug.Build.0 = Release|Win32
		{1569C83A-B5E6-4AA5-BBE1-8A1204818872}.Debug.ActiveCfg = Debug|Win32
		{1569C83A-B5E6-4AA5-BBE1-8A1204818872}.Debug.Build.0 = Debug|Win32
		{1569C83A-B5E6-4AA5-BBE1-8A1204818872}.NASM Debug.ActiveCfg = Debug|Win32
		{1569C83A-B5E6-4AA5-BBE1-8A1204818872}.NASM Debug.Build.0 = Debug|Win32
		{1569C83A-B5E6-4AA5-BBE1-8A1204818872}.NASM Release.ActiveCfg = Release|Win32
		{1569C83A-B5E6-4AA5-BBE1-8A1204818872}.NASM Release.Build.0 = Release|Win32
		{1569C83A-B5E6-4AA5-BBE1-8A1204818872}.Release.ActiveCfg = Release|Win32
		{1569C83A-B5E6-4AA5-BBE1-8A1204818872}.Release.Build.0 = Release|Win32
		{1569C83A-B5E6-4AA5-BBE1-8A1204818872}.Release-Debug.ActiveCfg = Release|Win32
		{1569C83A-B5E6-4AA5-BBE1-8A1204818872}.Release-Debug.Build.0 = Release|Win32
		{5F9287FE-7CD2-4547-B53F-D7EFE1E4EC7F}.Debug.ActiveCfg = Debug|Win32
		{5F9287FE-7CD2-4547-B53F-D7EFE1E4EC7F}.Debug.Build.0 = Debug|Win32
		{5F9287FE-7CD2-4547-B53F-D7EFE1E4EC7F}.NASM Debug.ActiveCfg = Debug|Win32
		{5F9287FE-7CD2-4547-B53F-D7EFE1E4EC7F}.NASM Debug.Build.0 = Debug|Win32
		{5F9287FE-7CD2-4547-B53F-D7EFE1E4EC7F}.NASM Release.ActiveCfg = Release|Win32
		{5F9287FE-7CD2-4547-B53F-D7EFE1E4EC7F}.NASM Release.Build.0 = Release|Win32
		{5F9287FE-7CD2-4547-B53F-D7EFE1E4EC7F}.Release.ActiveCfg = Release|Win32
		{5F9287FE-7CD2-4547-B53F-D7EFE1E4EC7F}.Release.Build.0 = Release|Win32
		{5F9287FE-7CD2-4547-B53F-D7EFE1E4EC7F}.Release-Debug.ActiveCfg = Release|Win32
		{5F9287FE-7CD2-4547-B53F-D7EFE1E4EC7F}.Release-Debug.Build.0 = Release|Win32
		{5F9287FE-7CD2-4547-B53F-D7EFE1E4EC7F}.Debug.ActiveCfg = Debug|Win32
		{5F9287FE-7CD2-4547-B53F-D7EFE1E4EC7F}.Debug.Build.0 = Debug|Win32
		{5F9287FE-7CD2-4547-B53F-D7EFE1E4EC7F}.NASM Debug.ActiveCfg = Debug|Win32
		{5F9287FE-7CD2-4547-B53F-D7EFE1E4EC7F}.NASM Debug.Build.0 = Debug|Win32
		{5F9287FE-7CD2-4547-B53F-D7EFE1E4EC7F}.NASM Release.ActiveCfg = Release|Win32
		{5F9287FE-7CD2-4547-B53F-D7EFE1E4EC7F}.NASM Release.Build.0 = Release|Win32
		{5F9287FE-7CD2-4547-B53F-D7EFE1E4EC7F}.Release.ActiveCfg = Release|Win32
		{5F9287FE-7CD2-4547-B53F-D7EFE1E4EC7F}.Release.Build.0 = Release|Win32
		{5F9287FE-7CD2-4547-B53F-D7EFE1E4EC7F}.Release-Debug.ActiveCfg = Release|Win32
		{5F9287FE-7CD2-4547-B53F-D7EFE1E4EC7F}.Release-Debug.Build.0 = Release|Win32
		{5F9287FE-7CD2-4547-B53F-D7EFE1E4EC7F}.Debug.ActiveCfg = Debug|Win32
		{5F9287FE-7CD2-4547-B53F-D7EFE1E4EC7F}.Debug.Build.0 = Debug|Win32
		{5F9287FE-7CD2-4547-B53F-D7EFE1E4EC7F}.NASM Debug.ActiveCfg = Debug|Win32
		{5F9287FE-7CD2-4547-B53F-D7EFE1E4EC7F}.NASM Debug.Build.0 = Debug|Win32
		{5F9287FE-7CD2-4547-B53F-D7EFE1E4EC7F}.NASM Release.ActiveCfg = Release|Win32
		{5F9287FE-7CD2-4547-B53F-D7EFE1E4EC7F}.NASM Release.Build.0 = Release|Win32
		{5F9287FE-7CD2-4547-B53F-D7EFE1E4EC7F}.Release.ActiveCfg = Release|Win32
		{5F9287FE-7CD2-4547-B53F-D7EFE1E4EC7F}.Release.Build.0 = Release|Win32
		{5F9287FE-7CD2-4547-B53F-D7EFE1E4EC7F}.Release-Debug.ActiveCfg = Release|Win32
		{5F9287FE-7CD2-4547-B53F-D7EFE1E4EC7F}.Release-Debug.Build.0 = Release|Win32
		{5F9287FE-7CD2-4547-B53F-D7EFE1E4EC7F}.Debug.ActiveCfg = Debug|Win32
		{5F9287FE-7CD2-4547-B53F-D7EFE1E4EC7F}.Debug.Build.0 = Debug|Win32
		{5F9287FE-7CD2-4547-B53F-D7EFE1E4EC7F}.NASM Debug.ActiveCfg = Debug|Win32
		{5F9287FE-7CD2-4547-B53F-D7EFE1E4EC7F}.NASM Debug.Build.0 = Debug|Win32
		{5F9287FE-7CD2-4547-B53F-D7EFE1E4EC7F}.NASM Release.ActiveCfg = Release|Win32
		{5F9287FE-7CD2-4547-B53F-D7EFE1E4EC7F}.NASM Release.Build.0 = Release|Win32
		{5F9287FE-7CD2-4547-B53F-D7EFE1E4EC7F}.Release.ActiveCfg = Release|Win32
		{5F9287FE-7CD2-4547-B53F-D7EFE1E4EC7F}.Release.Build.0 = Release|Win32
		{5F9287FE-7CD2-4547-B53F-D7EFE1E4EC7F}.Release-Debug.ActiveCfg = Release|Win32
		{5F9287FE-7CD2-4547-B53F-D7EFE1E4EC7F}.Release-Debug.Build.0 = Release|Win32
	EndGlobalSection
	GlobalSection(ExtensibilityGlobals) = postSolution
	EndGlobalSection
	GlobalSection(ExtensibilityAddIns) = postSolution
	EndGlobalSection
EndGlobal
