Microsoft Visual Studio Solution File, Format Version 12.00
# Visual Studio 15
VisualStudioVersion = 15.0.26430.16
MinimumVisualStudioVersion = 10.0.40219.1
Project("{8BC9CEB8-8B4A-11D0-8D11-00A0C91BC942}") = "musikCube", "musikCube.vcxproj", "{99140D9E-2F39-406D-AD74-CA89B8C354CF}"
EndProject
Project("{8BC9CEB8-8B4A-11D0-8D11-00A0C91BC942}") = "MMShellHook", "MMShellHook\MMShellHook.vcxproj", "{C372ABA2-E90B-459B-B5B2-A9A181DFE807}"
EndProject
Project("{8BC9CEB8-8B4A-11D0-8D11-00A0C91BC942}") = "musikCore", "..\musikCore\musikCore.vcxproj", "{A43DCC0A-9D52-45E3-83BD-67765130F62A}"
EndProject
Project("{8BC9CEB8-8B4A-11D0-8D11-00A0C91BC942}") = "OpenThreads", "..\musikCore\3rdparty\OpenThreads\win32_src\OpenThreads.vcxproj", "{8F1ECB96-746F-40C1-86CB-6A4AB16369EF}"
EndProject
Project("{8BC9CEB8-8B4A-11D0-8D11-00A0C91BC942}") = "sqlite3", "..\musikCore\3rdparty\sqlite3\sqlite3.vcxproj", "{07688CCC-54B0-42BA-9562-3852CDA5094A}"
EndProject
Project("{8BC9CEB8-8B4A-11D0-8D11-00A0C91BC942}") = "core_ape", "..\musikCore\win32\core_APE\core_APE.vcxproj", "{5F9287FE-7CD2-4547-B53F-D7EFE1E4EC7F}"
EndProject
Project("{8BC9CEB8-8B4A-11D0-8D11-00A0C91BC942}") = "cube_miniPlayer", "contrib\cube_miniPlayer\cube_miniPlayer.vcxproj", "{F937462A-9245-4414-A831-5284EDC15D1B}"
EndProject
Project("{8BC9CEB8-8B4A-11D0-8D11-00A0C91BC942}") = "taglib-1.4", "..\musikCore\3rdparty\taglib-1.4\taglib-vc7\taglib-vc7.vcxproj", "{ECD80AD2-F98E-4579-B066-9582DC98AAA9}"
EndProject
Project("{8BC9CEB8-8B4A-11D0-8D11-00A0C91BC942}") = "core_ogg", "..\musikCore\win32\core_ogg\core_OGG.vcxproj", "{70FFF75A-0C9C-42C5-A9B6-872DA7BF8597}"
EndProject
Project("{8BC9CEB8-8B4A-11D0-8D11-00A0C91BC942}") = "core_mp3", "..\musikCore\win32\core_mp3\core_MP3.vcxproj", "{5C9ABFE0-0F39-4918-BA25-6FFAE1509DD7}"
EndProject
Project("{8BC9CEB8-8B4A-11D0-8D11-00A0C91BC942}") = "core_net", "..\musikCore\win32\core_net\core_net.vcxproj", "{B4890DB4-6813-4A85-9EB3-608AB24DAD28}"
EndProject
Project("{8BC9CEB8-8B4A-11D0-8D11-00A0C91BC942}") = "core_flac", "..\musikCore\win32\core_flac\core_flac.vcxproj", "{A427E3C3-8D46-4BCA-A309-8BB28DC0FA46}"
EndProject
Project("{8BC9CEB8-8B4A-11D0-8D11-00A0C91BC942}") = "core_cdda", "..\musikCore\win32\core_cdda\core_cdda.vcxproj", "{FBEAF682-571D-4B83-A3A9-868E8B6C8E26}"
EndProject
Project("{8BC9CEB8-8B4A-11D0-8D11-00A0C91BC942}") = "core_m4a", "..\musikCore\win32\core_m4a\musikPlugin.vcxproj", "{89DA48E8-246E-4F64-8ABB-9A4FC446C961}"
EndProject
Project("{8BC9CEB8-8B4A-11D0-8D11-00A0C91BC942}") = "libmp4v2", "..\musikCore\win32\core_m4a\mpeg4ip\lib\mp4v2\libmp4v260.vcxproj", "{1569C83A-B5E6-4AA5-BBE1-8A1204818872}"
EndProject
Project("{8BC9CEB8-8B4A-11D0-8D11-00A0C91BC942}") = "core_wma", "..\musikCore\win32\core_wma\core_wma.vcxproj", "{0C7A43B5-0FAC-47FC-A64C-3F59D81E6304}"
EndProject
Project("{8BC9CEB8-8B4A-11D0-8D11-00A0C91BC942}") = "cube_mcAmp", "contrib\cube_mcAmp\cube_mcAmp.vcxproj", "{802DDC43-CF36-40B4-9E0C-11EB2726BDC6}"
EndProject
Project("{8BC9CEB8-8B4A-11D0-8D11-00A0C91BC942}") = "core_mpc", "..\musikCore\win32\core_mpc\core_mpc.vcxproj", "{DD82EE00-4FD1-4913-ADEE-C7C9E82AC25F}"
EndProject
Project("{8BC9CEB8-8B4A-11D0-8D11-00A0C91BC942}") = "core_wav", "..\musikCore\win32\core_wav\core_wav.vcxproj", "{FAE57D58-641B-424A-85BC-0F2738812903}"
	ProjectSection(ProjectDependencies) = postProject
		{A43DCC0A-9D52-45E3-83BD-67765130F62A} = {A43DCC0A-9D52-45E3-83BD-67765130F62A}
	EndProjectSection
EndProject
Global
	GlobalSection(SolutionConfigurationPlatforms) = preSolution
		Debug|Win32 = Debug|Win32
		NASM Debug|Win32 = NASM Debug|Win32
		NASM Release|Win32 = NASM Release|Win32
		Release|Win32 = Release|Win32
		Release-Debug|Win32 = Release-Debug|Win32
	EndGlobalSection
	GlobalSection(ProjectConfigurationPlatforms) = postSolution
		{99140D9E-2F39-406D-AD74-CA89B8C354CF}.Debug|Win32.ActiveCfg = Debug|Win32
		{99140D9E-2F39-406D-AD74-CA89B8C354CF}.Debug|Win32.Build.0 = Debug|Win32
		{99140D9E-2F39-406D-AD74-CA89B8C354CF}.NASM Debug|Win32.ActiveCfg = Debug|Win32
		{99140D9E-2F39-406D-AD74-CA89B8C354CF}.NASM Debug|Win32.Build.0 = Debug|Win32
		{99140D9E-2F39-406D-AD74-CA89B8C354CF}.NASM Release|Win32.ActiveCfg = Release|Win32
		{99140D9E-2F39-406D-AD74-CA89B8C354CF}.NASM Release|Win32.Build.0 = Release|Win32
		{99140D9E-2F39-406D-AD74-CA89B8C354CF}.Release|Win32.ActiveCfg = Release|Win32
		{99140D9E-2F39-406D-AD74-CA89B8C354CF}.Release|Win32.Build.0 = Release|Win32
		{99140D9E-2F39-406D-AD74-CA89B8C354CF}.Release-Debug|Win32.ActiveCfg = Release|Win32
		{99140D9E-2F39-406D-AD74-CA89B8C354CF}.Release-Debug|Win32.Build.0 = Release|Win32
		{C372ABA2-E90B-459B-B5B2-A9A181DFE807}.Debug|Win32.ActiveCfg = Debug|Win32
		{C372ABA2-E90B-459B-B5B2-A9A181DFE807}.Debug|Win32.Build.0 = Debug|Win32
		{C372ABA2-E90B-459B-B5B2-A9A181DFE807}.NASM Debug|Win32.ActiveCfg = Debug|Win32
		{C372ABA2-E90B-459B-B5B2-A9A181DFE807}.NASM Debug|Win32.Build.0 = Debug|Win32
		{C372ABA2-E90B-459B-B5B2-A9A181DFE807}.NASM Release|Win32.ActiveCfg = Release|Win32
		{C372ABA2-E90B-459B-B5B2-A9A181DFE807}.NASM Release|Win32.Build.0 = Release|Win32
		{C372ABA2-E90B-459B-B5B2-A9A181DFE807}.Release|Win32.ActiveCfg = Release|Win32
		{C372ABA2-E90B-459B-B5B2-A9A181DFE807}.Release|Win32.Build.0 = Release|Win32
		{C372ABA2-E90B-459B-B5B2-A9A181DFE807}.Release-Debug|Win32.ActiveCfg = Release|Win32
		{C372ABA2-E90B-459B-B5B2-A9A181DFE807}.Release-Debug|Win32.Build.0 = Release|Win32
		{A43DCC0A-9D52-45E3-83BD-67765130F62A}.Debug|Win32.ActiveCfg = Debug|Win32
		{A43DCC0A-9D52-45E3-83BD-67765130F62A}.Debug|Win32.Build.0 = Debug|Win32
		{A43DCC0A-9D52-45E3-83BD-67765130F62A}.NASM Debug|Win32.ActiveCfg = Debug|Win32
		{A43DCC0A-9D52-45E3-83BD-67765130F62A}.NASM Debug|Win32.Build.0 = Debug|Win32
		{A43DCC0A-9D52-45E3-83BD-67765130F62A}.NASM Release|Win32.ActiveCfg = Release|Win32
		{A43DCC0A-9D52-45E3-83BD-67765130F62A}.NASM Release|Win32.Build.0 = Release|Win32
		{A43DCC0A-9D52-45E3-83BD-67765130F62A}.Release|Win32.ActiveCfg = Release|Win32
		{A43DCC0A-9D52-45E3-83BD-67765130F62A}.Release|Win32.Build.0 = Release|Win32
		{A43DCC0A-9D52-45E3-83BD-67765130F62A}.Release-Debug|Win32.ActiveCfg = Release|Win32
		{A43DCC0A-9D52-45E3-83BD-67765130F62A}.Release-Debug|Win32.Build.0 = Release|Win32
		{8F1ECB96-746F-40C1-86CB-6A4AB16369EF}.Debug|Win32.ActiveCfg = Debug|Win32
		{8F1ECB96-746F-40C1-86CB-6A4AB16369EF}.Debug|Win32.Build.0 = Debug|Win32
		{8F1ECB96-746F-40C1-86CB-6A4AB16369EF}.NASM Debug|Win32.ActiveCfg = Debug|Win32
		{8F1ECB96-746F-40C1-86CB-6A4AB16369EF}.NASM Debug|Win32.Build.0 = Debug|Win32
		{8F1ECB96-746F-40C1-86CB-6A4AB16369EF}.NASM Release|Win32.ActiveCfg = Release|Win32
		{8F1ECB96-746F-40C1-86CB-6A4AB16369EF}.NASM Release|Win32.Build.0 = Release|Win32
		{8F1ECB96-746F-40C1-86CB-6A4AB16369EF}.Release|Win32.ActiveCfg = Release|Win32
		{8F1ECB96-746F-40C1-86CB-6A4AB16369EF}.Release|Win32.Build.0 = Release|Win32
		{8F1ECB96-746F-40C1-86CB-6A4AB16369EF}.Release-Debug|Win32.ActiveCfg = Release|Win32
		{8F1ECB96-746F-40C1-86CB-6A4AB16369EF}.Release-Debug|Win32.Build.0 = Release|Win32
		{07688CCC-54B0-42BA-9562-3852CDA5094A}.Debug|Win32.ActiveCfg = Debug|Win32
		{07688CCC-54B0-42BA-9562-3852CDA5094A}.Debug|Win32.Build.0 = Debug|Win32
		{07688CCC-54B0-42BA-9562-3852CDA5094A}.NASM Debug|Win32.ActiveCfg = Debug|Win32
		{07688CCC-54B0-42BA-9562-3852CDA5094A}.NASM Debug|Win32.Build.0 = Debug|Win32
		{07688CCC-54B0-42BA-9562-3852CDA5094A}.NASM Release|Win32.ActiveCfg = Release|Win32
		{07688CCC-54B0-42BA-9562-3852CDA5094A}.NASM Release|Win32.Build.0 = Release|Win32
		{07688CCC-54B0-42BA-9562-3852CDA5094A}.Release|Win32.ActiveCfg = Release|Win32
		{07688CCC-54B0-42BA-9562-3852CDA5094A}.Release|Win32.Build.0 = Release|Win32
		{07688CCC-54B0-42BA-9562-3852CDA5094A}.Release-Debug|Win32.ActiveCfg = Release|Win32
		{07688CCC-54B0-42BA-9562-3852CDA5094A}.Release-Debug|Win32.Build.0 = Release|Win32
		{5F9287FE-7CD2-4547-B53F-D7EFE1E4EC7F}.Debug|Win32.ActiveCfg = Debug|Win32
		{5F9287FE-7CD2-4547-B53F-D7EFE1E4EC7F}.Debug|Win32.Build.0 = Debug|Win32
		{5F9287FE-7CD2-4547-B53F-D7EFE1E4EC7F}.NASM Debug|Win32.ActiveCfg = Debug|Win32
		{5F9287FE-7CD2-4547-B53F-D7EFE1E4EC7F}.NASM Debug|Win32.Build.0 = Debug|Win32
		{5F9287FE-7CD2-4547-B53F-D7EFE1E4EC7F}.NASM Release|Win32.ActiveCfg = Release|Win32
		{5F9287FE-7CD2-4547-B53F-D7EFE1E4EC7F}.NASM Release|Win32.Build.0 = Release|Win32
		{5F9287FE-7CD2-4547-B53F-D7EFE1E4EC7F}.Release|Win32.ActiveCfg = Release|Win32
		{5F9287FE-7CD2-4547-B53F-D7EFE1E4EC7F}.Release|Win32.Build.0 = Release|Win32
		{5F9287FE-7CD2-4547-B53F-D7EFE1E4EC7F}.Release-Debug|Win32.ActiveCfg = Release|Win32
		{5F9287FE-7CD2-4547-B53F-D7EFE1E4EC7F}.Release-Debug|Win32.Build.0 = Release|Win32
		{F937462A-9245-4414-A831-5284EDC15D1B}.Debug|Win32.ActiveCfg = Debug|Win32
		{F937462A-9245-4414-A831-5284EDC15D1B}.Debug|Win32.Build.0 = Debug|Win32
		{F937462A-9245-4414-A831-5284EDC15D1B}.NASM Debug|Win32.ActiveCfg = Debug|Win32
		{F937462A-9245-4414-A831-5284EDC15D1B}.NASM Debug|Win32.Build.0 = Debug|Win32
		{F937462A-9245-4414-A831-5284EDC15D1B}.NASM Release|Win32.ActiveCfg = Release|Win32
		{F937462A-9245-4414-A831-5284EDC15D1B}.NASM Release|Win32.Build.0 = Release|Win32
		{F937462A-9245-4414-A831-5284EDC15D1B}.Release|Win32.ActiveCfg = Release|Win32
		{F937462A-9245-4414-A831-5284EDC15D1B}.Release|Win32.Build.0 = Release|Win32
		{F937462A-9245-4414-A831-5284EDC15D1B}.Release-Debug|Win32.ActiveCfg = Release|Win32
		{F937462A-9245-4414-A831-5284EDC15D1B}.Release-Debug|Win32.Build.0 = Release|Win32
		{ECD80AD2-F98E-4579-B066-9582DC98AAA9}.Debug|Win32.ActiveCfg = Debug|Win32
		{ECD80AD2-F98E-4579-B066-9582DC98AAA9}.Debug|Win32.Build.0 = Debug|Win32
		{ECD80AD2-F98E-4579-B066-9582DC98AAA9}.NASM Debug|Win32.ActiveCfg = Debug|Win32
		{ECD80AD2-F98E-4579-B066-9582DC98AAA9}.NASM Debug|Win32.Build.0 = Debug|Win32
		{ECD80AD2-F98E-4579-B066-9582DC98AAA9}.NASM Release|Win32.ActiveCfg = Release|Win32
		{ECD80AD2-F98E-4579-B066-9582DC98AAA9}.NASM Release|Win32.Build.0 = Release|Win32
		{ECD80AD2-F98E-4579-B066-9582DC98AAA9}.Release|Win32.ActiveCfg = Release|Win32
		{ECD80AD2-F98E-4579-B066-9582DC98AAA9}.Release|Win32.Build.0 = Release|Win32
		{ECD80AD2-F98E-4579-B066-9582DC98AAA9}.Release-Debug|Win32.ActiveCfg = Release|Win32
		{ECD80AD2-F98E-4579-B066-9582DC98AAA9}.Release-Debug|Win32.Build.0 = Release|Win32
		{70FFF75A-0C9C-42C5-A9B6-872DA7BF8597}.Debug|Win32.ActiveCfg = Debug|Win32
		{70FFF75A-0C9C-42C5-A9B6-872DA7BF8597}.Debug|Win32.Build.0 = Debug|Win32
		{70FFF75A-0C9C-42C5-A9B6-872DA7BF8597}.NASM Debug|Win32.ActiveCfg = Debug|Win32
		{70FFF75A-0C9C-42C5-A9B6-872DA7BF8597}.NASM Release|Win32.ActiveCfg = Release|Win32
		{70FFF75A-0C9C-42C5-A9B6-872DA7BF8597}.Release|Win32.ActiveCfg = Release|Win32
		{70FFF75A-0C9C-42C5-A9B6-872DA7BF8597}.Release|Win32.Build.0 = Release|Win32
		{70FFF75A-0C9C-42C5-A9B6-872DA7BF8597}.Release-Debug|Win32.ActiveCfg = Release|Win32
		{5C9ABFE0-0F39-4918-BA25-6FFAE1509DD7}.Debug|Win32.ActiveCfg = Debug|Win32
		{5C9ABFE0-0F39-4918-BA25-6FFAE1509DD7}.Debug|Win32.Build.0 = Debug|Win32
		{5C9ABFE0-0F39-4918-BA25-6FFAE1509DD7}.NASM Debug|Win32.ActiveCfg = Debug|Win32
		{5C9ABFE0-0F39-4918-BA25-6FFAE1509DD7}.NASM Release|Win32.ActiveCfg = Release|Win32
		{5C9ABFE0-0F39-4918-BA25-6FFAE1509DD7}.Release|Win32.ActiveCfg = Release|Win32
		{5C9ABFE0-0F39-4918-BA25-6FFAE1509DD7}.Release|Win32.Build.0 = Release|Win32
		{5C9ABFE0-0F39-4918-BA25-6FFAE1509DD7}.Release-Debug|Win32.ActiveCfg = Release|Win32
		{B4890DB4-6813-4A85-9EB3-608AB24DAD28}.Debug|Win32.ActiveCfg = Debug|Win32
		{B4890DB4-6813-4A85-9EB3-608AB24DAD28}.Debug|Win32.Build.0 = Debug|Win32
		{B4890DB4-6813-4A85-9EB3-608AB24DAD28}.NASM Debug|Win32.ActiveCfg = Debug|Win32
		{B4890DB4-6813-4A85-9EB3-608AB24DAD28}.NASM Release|Win32.ActiveCfg = Release|Win32
		{B4890DB4-6813-4A85-9EB3-608AB24DAD28}.Release|Win32.ActiveCfg = Release|Win32
		{B4890DB4-6813-4A85-9EB3-608AB24DAD28}.Release|Win32.Build.0 = Release|Win32
		{B4890DB4-6813-4A85-9EB3-608AB24DAD28}.Release-Debug|Win32.ActiveCfg = Release|Win32
		{A427E3C3-8D46-4BCA-A309-8BB28DC0FA46}.Debug|Win32.ActiveCfg = Debug|Win32
		{A427E3C3-8D46-4BCA-A309-8BB28DC0FA46}.Debug|Win32.Build.0 = Debug|Win32
		{A427E3C3-8D46-4BCA-A309-8BB28DC0FA46}.NASM Debug|Win32.ActiveCfg = Debug|Win32
		{A427E3C3-8D46-4BCA-A309-8BB28DC0FA46}.NASM Release|Win32.ActiveCfg = Release|Win32
		{A427E3C3-8D46-4BCA-A309-8BB28DC0FA46}.Release|Win32.ActiveCfg = Release|Win32
		{A427E3C3-8D46-4BCA-A309-8BB28DC0FA46}.Release|Win32.Build.0 = Release|Win32
		{A427E3C3-8D46-4BCA-A309-8BB28DC0FA46}.Release-Debug|Win32.ActiveCfg = Release|Win32
		{FBEAF682-571D-4B83-A3A9-868E8B6C8E26}.Debug|Win32.ActiveCfg = Debug|Win32
		{FBEAF682-571D-4B83-A3A9-868E8B6C8E26}.Debug|Win32.Build.0 = Debug|Win32
		{FBEAF682-571D-4B83-A3A9-868E8B6C8E26}.NASM Debug|Win32.ActiveCfg = Debug|Win32
		{FBEAF682-571D-4B83-A3A9-868E8B6C8E26}.NASM Release|Win32.ActiveCfg = Release|Win32
		{FBEAF682-571D-4B83-A3A9-868E8B6C8E26}.Release|Win32.ActiveCfg = Release|Win32
		{FBEAF682-571D-4B83-A3A9-868E8B6C8E26}.Release|Win32.Build.0 = Release|Win32
		{FBEAF682-571D-4B83-A3A9-868E8B6C8E26}.Release-Debug|Win32.ActiveCfg = Release|Win32
		{89DA48E8-246E-4F64-8ABB-9A4FC446C961}.Debug|Win32.ActiveCfg = Debug|Win32
		{89DA48E8-246E-4F64-8ABB-9A4FC446C961}.Debug|Win32.Build.0 = Debug|Win32
		{89DA48E8-246E-4F64-8ABB-9A4FC446C961}.NASM Debug|Win32.ActiveCfg = Debug|Win32
		{89DA48E8-246E-4F64-8ABB-9A4FC446C961}.NASM Release|Win32.ActiveCfg = Release|Win32
		{89DA48E8-246E-4F64-8ABB-9A4FC446C961}.Release|Win32.ActiveCfg = Release|Win32
		{89DA48E8-246E-4F64-8ABB-9A4FC446C961}.Release|Win32.Build.0 = Release|Win32
		{89DA48E8-246E-4F64-8ABB-9A4FC446C961}.Release-Debug|Win32.ActiveCfg = Release|Win32
		{1569C83A-B5E6-4AA5-BBE1-8A1204818872}.Debug|Win32.ActiveCfg = Debug|Win32
		{1569C83A-B5E6-4AA5-BBE1-8A1204818872}.Debug|Win32.Build.0 = Debug|Win32
		{1569C83A-B5E6-4AA5-BBE1-8A1204818872}.NASM Debug|Win32.ActiveCfg = Debug|Win32
		{1569C83A-B5E6-4AA5-BBE1-8A1204818872}.NASM Debug|Win32.Build.0 = Debug|Win32
		{1569C83A-B5E6-4AA5-BBE1-8A1204818872}.NASM Release|Win32.ActiveCfg = Release|Win32
		{1569C83A-B5E6-4AA5-BBE1-8A1204818872}.NASM Release|Win32.Build.0 = Release|Win32
		{1569C83A-B5E6-4AA5-BBE1-8A1204818872}.Release|Win32.ActiveCfg = Release|Win32
		{1569C83A-B5E6-4AA5-BBE1-8A1204818872}.Release|Win32.Build.0 = Release|Win32
		{1569C83A-B5E6-4AA5-BBE1-8A1204818872}.Release-Debug|Win32.ActiveCfg = Release|Win32
		{1569C83A-B5E6-4AA5-BBE1-8A1204818872}.Release-Debug|Win32.Build.0 = Release|Win32
		{0C7A43B5-0FAC-47FC-A64C-3F59D81E6304}.Debug|Win32.ActiveCfg = Debug|Win32
		{0C7A43B5-0FAC-47FC-A64C-3F59D81E6304}.Debug|Win32.Build.0 = Debug|Win32
		{0C7A43B5-0FAC-47FC-A64C-3F59D81E6304}.NASM Debug|Win32.ActiveCfg = Debug|Win32
		{0C7A43B5-0FAC-47FC-A64C-3F59D81E6304}.NASM Release|Win32.ActiveCfg = Release|Win32
		{0C7A43B5-0FAC-47FC-A64C-3F59D81E6304}.Release|Win32.ActiveCfg = Release|Win32
		{0C7A43B5-0FAC-47FC-A64C-3F59D81E6304}.Release|Win32.Build.0 = Release|Win32
		{0C7A43B5-0FAC-47FC-A64C-3F59D81E6304}.Release-Debug|Win32.ActiveCfg = Release|Win32
		{802DDC43-CF36-40B4-9E0C-11EB2726BDC6}.Debug|Win32.ActiveCfg = Debug|Win32
		{802DDC43-CF36-40B4-9E0C-11EB2726BDC6}.Debug|Win32.Build.0 = Debug|Win32
		{802DDC43-CF36-40B4-9E0C-11EB2726BDC6}.NASM Debug|Win32.ActiveCfg = Debug|Win32
		{802DDC43-CF36-40B4-9E0C-11EB2726BDC6}.NASM Release|Win32.ActiveCfg = Release|Win32
		{802DDC43-CF36-40B4-9E0C-11EB2726BDC6}.Release|Win32.ActiveCfg = Release|Win32
		{802DDC43-CF36-40B4-9E0C-11EB2726BDC6}.Release|Win32.Build.0 = Release|Win32
		{802DDC43-CF36-40B4-9E0C-11EB2726BDC6}.Release-Debug|Win32.ActiveCfg = Release|Win32
		{DD82EE00-4FD1-4913-ADEE-C7C9E82AC25F}.Debug|Win32.ActiveCfg = Debug|Win32
		{DD82EE00-4FD1-4913-ADEE-C7C9E82AC25F}.Debug|Win32.Build.0 = Debug|Win32
		{DD82EE00-4FD1-4913-ADEE-C7C9E82AC25F}.NASM Debug|Win32.ActiveCfg = Debug|Win32
		{DD82EE00-4FD1-4913-ADEE-C7C9E82AC25F}.NASM Release|Win32.ActiveCfg = Release|Win32
		{DD82EE00-4FD1-4913-ADEE-C7C9E82AC25F}.Release|Win32.ActiveCfg = Release|Win32
		{DD82EE00-4FD1-4913-ADEE-C7C9E82AC25F}.Release|Win32.Build.0 = Release|Win32
		{DD82EE00-4FD1-4913-ADEE-C7C9E82AC25F}.Release-Debug|Win32.ActiveCfg = Release|Win32
		{FAE57D58-641B-424A-85BC-0F2738812903}.Debug|Win32.ActiveCfg = Debug|Win32
		{FAE57D58-641B-424A-85BC-0F2738812903}.Debug|Win32.Build.0 = Debug|Win32
		{FAE57D58-641B-424A-85BC-0F2738812903}.NASM Debug|Win32.ActiveCfg = Debug|Win32
		{FAE57D58-641B-424A-85BC-0F2738812903}.NASM Release|Win32.ActiveCfg = Release|Win32
		{FAE57D58-641B-424A-85BC-0F2738812903}.Release|Win32.ActiveCfg = Release|Win32
		{FAE57D58-641B-424A-85BC-0F2738812903}.Release|Win32.Build.0 = Release|Win32
		{FAE57D58-641B-424A-85BC-0F2738812903}.Release-Debug|Win32.ActiveCfg = Release|Win32
	EndGlobalSection
	GlobalSection(SolutionProperties) = preSolution
		HideSolutionNode = FALSE
	EndGlobalSection
EndGlobal
