Microsoft Visual Studio Solution File, Format Version 8.00
Project("{8BC9CEB8-8B4A-11D0-8D11-00A0C91BC942}") = "cube_miniPlayer", "cube_miniPlayer.vcproj", "{F937462A-9245-4414-A831-5284EDC15D1B}"
	ProjectSection(ProjectDependencies) = postProject
		{99140D9E-2F39-406D-AD74-CA89B8C354CF} = {99140D9E-2F39-406D-AD74-CA89B8C354CF}
	EndProjectSection
EndProject
Project("{8BC9CEB8-8B4A-11D0-8D11-00A0C91BC942}") = "musikCore", "..\..\..\musikCore\musikCore.vcproj", "{A43DCC0A-9D52-45E3-83BD-67765130F62A}"
	ProjectSection(ProjectDependencies) = postProject
	EndProjectSection
EndProject
Project("{8BC9CEB8-8B4A-11D0-8D11-00A0C91BC942}") = "musikCube", "..\..\musikCube.vcproj", "{99140D9E-2F39-406D-AD74-CA89B8C354CF}"
	ProjectSection(ProjectDependencies) = postProject
		{A43DCC0A-9D52-45E3-83BD-67765130F62A} = {A43DCC0A-9D52-45E3-83BD-67765130F62A}
	EndProjectSection
EndProject
Global
	GlobalSection(SolutionConfiguration) = preSolution
		Debug = Debug
		Release = Release
	EndGlobalSection
	GlobalSection(ProjectConfiguration) = postSolution
		{F937462A-9245-4414-A831-5284EDC15D1B}.Debug.ActiveCfg = Debug|Win32
		{F937462A-9245-4414-A831-5284EDC15D1B}.Debug.Build.0 = Debug|Win32
		{F937462A-9245-4414-A831-5284EDC15D1B}.Release.ActiveCfg = Release|Win32
		{F937462A-9245-4414-A831-5284EDC15D1B}.Release.Build.0 = Release|Win32
		{A43DCC0A-9D52-45E3-83BD-67765130F62A}.Debug.ActiveCfg = Debug|Win32
		{A43DCC0A-9D52-45E3-83BD-67765130F62A}.Debug.Build.0 = Debug|Win32
		{A43DCC0A-9D52-45E3-83BD-67765130F62A}.Release.ActiveCfg = Release|Win32
		{A43DCC0A-9D52-45E3-83BD-67765130F62A}.Release.Build.0 = Release|Win32
		{99140D9E-2F39-406D-AD74-CA89B8C354CF}.Debug.ActiveCfg = Debug|Win32
		{99140D9E-2F39-406D-AD74-CA89B8C354CF}.Debug.Build.0 = Debug|Win32
		{99140D9E-2F39-406D-AD74-CA89B8C354CF}.Release.ActiveCfg = Release|Win32
		{99140D9E-2F39-406D-AD74-CA89B8C354CF}.Release.Build.0 = Release|Win32
	EndGlobalSection
	GlobalSection(ExtensibilityGlobals) = postSolution
	EndGlobalSection
	GlobalSection(ExtensibilityAddIns) = postSolution
	EndGlobalSection
EndGlobal
