Microsoft Visual Studio Solution File, Format Version 8.00
Project("{8BC9CEB8-8B4A-11D0-8D11-00A0C91BC942}") = "libmp4v2", "libmp4v260.vcproj", "{1569C83A-B5E6-4AA5-BBE1-8A1204818872}"
	ProjectSection(ProjectDependencies) = postProject
	EndProjectSection
EndProject
Global
	GlobalSection(SolutionConfiguration) = preSolution
		Debug = Debug
		Release = Release
	EndGlobalSection
	GlobalSection(ProjectConfiguration) = postSolution
		{1569C83A-B5E6-4AA5-BBE1-8A1204818872}.Debug.ActiveCfg = Debug|Win32
		{1569C83A-B5E6-4AA5-BBE1-8A1204818872}.Debug.Build.0 = Debug|Win32
		{1569C83A-B5E6-4AA5-BBE1-8A1204818872}.Release.ActiveCfg = Release|Win32
		{1569C83A-B5E6-4AA5-BBE1-8A1204818872}.Release.Build.0 = Release|Win32
	EndGlobalSection
	GlobalSection(ExtensibilityGlobals) = postSolution
	EndGlobalSection
	GlobalSection(ExtensibilityAddIns) = postSolution
	EndGlobalSection
EndGlobal
